lockfileVersion: '9.0'

settings:
  autoInstallPeers: true
  excludeLinksFromLockfile: false

importers:

  .:
    dependencies:
      adm-zip:
        specifier: ^0.5.16
        version: 0.5.16
      commander:
        specifier: ^13.1.0
        version: 13.1.0
      rcedit:
        specifier: ^4.0.1
        version: 4.0.1
      toml:
        specifier: ^3.0.0
        version: 3.0.0

packages:

  '@malept/cross-spawn-promise@1.1.1':
    resolution: {integrity: sha512-RTBGWL5FWQcg9orDOCcp4LvItNzUPcyEU9bwaeJX0rJ1IQxzucC48Y0/sQLp/g6t99IQgAlGIaesJS+gTn7tVQ==}
    engines: {node: '>= 10'}

  adm-zip@0.5.16:
    resolution: {integrity: sha512-TGw5yVi4saajsSEgz25grObGHEUaDrniwvA2qwSC060KfqGPdglhvPMA2lPIoxs3PQIItj2iag35fONcQqgUaQ==}
    engines: {node: '>=12.0'}

  commander@13.1.0:
    resolution: {integrity: sha512-/rFeCpNJQbhSZjGVwO9RFV3xPqbnERS8MmIQzCtD/zl6gpJuV/bMLuN92oG3F7d8oDEHHRrujSXNUr8fpjntKw==}
    engines: {node: '>=18'}

  cross-spawn-windows-exe@1.2.0:
    resolution: {integrity: sha512-mkLtJJcYbDCxEG7Js6eUnUNndWjyUZwJ3H7bErmmtOYU/Zb99DyUkpamuIZE0b3bhmJyZ7D90uS6f+CGxRRjOw==}
    engines: {node: '>= 10'}

  cross-spawn@7.0.6:
    resolution: {integrity: sha512-uV2QOWP2nWzsy2aMp8aRibhi9dlzF5Hgh5SHaB9OiTGEyDTiJJyx0uy51QXdyWbtAHNua4XJzUKca3OzKUd3vA==}
    engines: {node: '>= 8'}

  is-docker@2.2.1:
    resolution: {integrity: sha512-F+i2BKsFrH66iaUFc0woD8sLy8getkwTwtOBjvs56Cx4CgJDeKQeqfz8wAYiSb8JOprWhHH5p77PbmYCvvUuXQ==}
    engines: {node: '>=8'}
    hasBin: true

  is-wsl@2.2.0:
    resolution: {integrity: sha512-fKzAra0rGJUUBwGBgNkHZuToZcn+TtXHpeCgmkMJMMYx1sQDYaCSyjJBSCa2nH1DGm7s3n1oBnohoVTBaN7Lww==}
    engines: {node: '>=8'}

  isexe@2.0.0:
    resolution: {integrity: sha512-RHxMLp9lnKHGHRng9QFhRCMbYAcVpn69smSGcq3f36xjgVVWThj4qqLbTLlq7Ssj8B+fIQ1EuCEGI2lKsyQeIw==}

  path-key@3.1.1:
    resolution: {integrity: sha512-ojmeN0qd+y0jszEtoY48r0Peq5dwMEkIlCOu6Q5f41lfkswXuKtYrhgoTpLnyIcHm24Uhqx+5Tqm2InSwLhE6Q==}
    engines: {node: '>=8'}

  rcedit@4.0.1:
    resolution: {integrity: sha512-bZdaQi34krFWhrDn+O53ccBDw0MkAT2Vhu75SqhtvhQu4OPyFM4RoVheyYiVQYdjhUi6EJMVWQ0tR6bCIYVkUg==}
    engines: {node: '>= 14.0.0'}

  shebang-command@2.0.0:
    resolution: {integrity: sha512-kHxr2zZpYtdmrN1qDjrrX/Z1rR1kG8Dx+gkpK1G4eXmvXswmcE1hTWBWYUzlraYw1/yZp6YuDY77YtvbN0dmDA==}
    engines: {node: '>=8'}

  shebang-regex@3.0.0:
    resolution: {integrity: sha512-7++dFhtcx3353uBaq8DDR4NuxBetBzC7ZQOhmTQInHEd6bSrXdiEyzCvG07Z44UYdLShWUyXt5M/yhz8ekcb1A==}
    engines: {node: '>=8'}

  toml@3.0.0:
    resolution: {integrity: sha512-y/mWCZinnvxjTKYhJ+pYxwD0mRLVvOtdS2Awbgxln6iEnt4rk0yBxeSBHkGJcPucRiG0e55mwWp+g/05rsrd6w==}

  which@2.0.2:
    resolution: {integrity: sha512-BLI3Tl1TW3Pvl70l3yq3Y64i+awpwXqsGBYWkkqMtnbXgrMD+yj7rhW0kuEDxzJaYXGjEW5ogapKNMEKNMjibA==}
    engines: {node: '>= 8'}
    hasBin: true

snapshots:

  '@malept/cross-spawn-promise@1.1.1':
    dependencies:
      cross-spawn: 7.0.6

  adm-zip@0.5.16: {}

  commander@13.1.0: {}

  cross-spawn-windows-exe@1.2.0:
    dependencies:
      '@malept/cross-spawn-promise': 1.1.1
      is-wsl: 2.2.0
      which: 2.0.2

  cross-spawn@7.0.6:
    dependencies:
      path-key: 3.1.1
      shebang-command: 2.0.0
      which: 2.0.2

  is-docker@2.2.1: {}

  is-wsl@2.2.0:
    dependencies:
      is-docker: 2.2.1

  isexe@2.0.0: {}

  path-key@3.1.1: {}

  rcedit@4.0.1:
    dependencies:
      cross-spawn-windows-exe: 1.2.0

  shebang-command@2.0.0:
    dependencies:
      shebang-regex: 3.0.0

  shebang-regex@3.0.0: {}

  toml@3.0.0: {}

  which@2.0.2:
    dependencies:
      isexe: 2.0.0
